
Microsoft Visual Studio Solution File, Format Version 12.00
# Visual Studio 15
Project("{FAE04EC0-301F-11D3-BF4B-00C04F79EFBC}") = "WarCardGame", "WarCardGame.csproj", "{300A4809-7E4A-4671-A049-E1C2A53995C5}"
EndProject
Global
	GlobalSection(SolutionConfigurationPlatforms) = preSolution
		Debug|Any CPU = Debug|Any CPU
		Release|Any CPU = Release|Any CPU
	EndGlobalSection
	GlobalSection(ProjectConfigurationPlatforms) = postSolution
		{300A4809-7E4A-4671-A049-E1C2A53995C5}.Debug|Any CPU.ActiveCfg = Debug|Any CPU
		{300A4809-7E4A-4671-A049-E1C2A53995C5}.Debug|Any CPU.Build.0 = Debug|Any CPU
		{300A4809-7E4A-4671-A049-E1C2A53995C5}.Release|Any CPU.ActiveCfg = Release|Any CPU
		{300A4809-7E4A-4671-A049-E1C2A53995C5}.Release|Any CPU.Build.0 = Release|Any CPU
	EndGlobalSection
EndGlobal
